
Microsoft Visual Studio Solution File, Format Version 12.00
# Visual Studio Version 16
VisualStudioVersion = 16.0.31005.135
MinimumVisualStudioVersion = 10.0.40219.1
Project("{9A19103F-16F7-4668-BE54-9A1E7A4F7556}") = "WPFpostgreSQL", "WPFpostgreSQL\WPFpostgreSQL.csproj", "{9D1DC038-FB01-4D8E-A9AD-B183FFAE74CD}"
EndProject
Global
	GlobalSection(SolutionConfigurationPlatforms) = preSolution
		Debug|Any CPU = Debug|Any CPU
		Release|Any CPU = Release|Any CPU
	EndGlobalSection
	GlobalSection(ProjectConfigurationPlatforms) = postSolution
		{9D1DC038-FB01-4D8E-A9AD-B183FFAE74CD}.Debug|Any CPU.ActiveCfg = Debug|Any CPU
		{9D1DC038-FB01-4D8E-A9AD-B183FFAE74CD}.Debug|Any CPU.Build.0 = Debug|Any CPU
		{9D1DC038-FB01-4D8E-A9AD-B183FFAE74CD}.Release|Any CPU.ActiveCfg = Release|Any CPU
		{9D1DC038-FB01-4D8E-A9AD-B183FFAE74CD}.Release|Any CPU.Build.0 = Release|Any CPU
	EndGlobalSection
	GlobalSection(SolutionProperties) = preSolution
		HideSolutionNode = FALSE
	EndGlobalSection
	GlobalSection(ExtensibilityGlobals) = postSolution
		SolutionGuid = {B2C3838B-03C3-42F6-9AC7-EC1D0BE0B7D8}
	EndGlobalSection
EndGlobal
